<?xml version="1.0" encoding="utf-8"?>
<Project ToolsVersion="4.0" xmlns="http://schemas.microsoft.com/developer/msbuild/2003">
  <ItemGroup>
    <Filter Include="Source Files">
      <UniqueIdentifier>{9b01bdec-0411-4d9d-aa89-ddf140368545}</UniqueIdentifier>
      <Extensions>cpp;c;cxx;rc;def;r;odl;idl;hpj;bat</Extensions>
    </Filter>
    <Filter Include="Header Files">
      <UniqueIdentifier>{be891437-7bde-40d9-9cf8-08cda5940c5c}</UniqueIdentifier>
      <Extensions>h;hpp;hxx;hm;inl</Extensions>
    </Filter>
    <Filter Include="Resource Files">
      <UniqueIdentifier>{e6251abe-0b05-4072-a8fe-d85de030dcd3}</UniqueIdentifier>
      <Extensions>ico;cur;bmp;dlg;rc2;rct;bin;rgs;gif;jpg;jpeg;jpe</Extensions>
    </Filter>
    <Filter Include="Help Files">
      <UniqueIdentifier>{973165fe-36e5-4028-953a-1e86ec57940b}</UniqueIdentifier>
      <Extensions>cnt;rtf</Extensions>
    </Filter>
  </ItemGroup>
  <ItemGroup>
    <ClCompile Include="Attacker.cpp">
      <Filter>Source Files</Filter>
    </ClCompile>
    <ClCompile Include="CaptionDialog.cpp">
      <Filter>Source Files</Filter>
    </ClCompile>
    <ClCompile Include="End2End.cpp">
      <Filter>Source Files</Filter>
    </ClCompile>
    <ClCompile Include="ForceSelfishness.cpp">
      <Filter>Source Files</Filter>
    </ClCompile>
    <ClCompile Include="Game.cpp">
      <Filter>Source Files</Filter>
    </ClCompile>
    <ClCompile Include="GameDialog.cpp">
      <Filter>Source Files</Filter>
    </ClCompile>
    <ClCompile Include="Link.cpp">
      <Filter>Source Files</Filter>
    </ClCompile>
    <ClCompile Include="LinkDialog.cpp">
      <Filter>Source Files</Filter>
    </ClCompile>
    <ClCompile Include="MainFrm.cpp">
      <Filter>Source Files</Filter>
    </ClCompile>
    <ClCompile Include="MANET.cpp">
      <Filter>Source Files</Filter>
    </ClCompile>
    <ClCompile Include="MANETDoc.cpp">
      <Filter>Source Files</Filter>
    </ClCompile>
    <ClCompile Include="MANETView.cpp">
      <Filter>Source Files</Filter>
    </ClCompile>
    <ClCompile Include="Packet.cpp">
      <Filter>Source Files</Filter>
    </ClCompile>
    <ClCompile Include="Path.cpp">
      <Filter>Source Files</Filter>
    </ClCompile>
    <ClCompile Include="ProtocolDialog.cpp">
      <Filter>Source Files</Filter>
    </ClCompile>
    <ClCompile Include="RandomTraffic.cpp">
      <Filter>Source Files</Filter>
    </ClCompile>
    <ClCompile Include="Router.cpp">
      <Filter>Source Files</Filter>
    </ClCompile>
    <ClCompile Include="RouterDialog.cpp">
      <Filter>Source Files</Filter>
    </ClCompile>
    <ClCompile Include="SimDlg.cpp">
      <Filter>Source Files</Filter>
    </ClCompile>
    <ClCompile Include="Stat.cpp">
      <Filter>Source Files</Filter>
    </ClCompile>
    <ClCompile Include="StdAfx.cpp">
      <Filter>Source Files</Filter>
    </ClCompile>
    <ClCompile Include="Table.cpp">
      <Filter>Source Files</Filter>
    </ClCompile>
    <ClCompile Include="Traffic.cpp">
      <Filter>Source Files</Filter>
    </ClCompile>
    <ClCompile Include="TrafficDialog.cpp">
      <Filter>Source Files</Filter>
    </ClCompile>
  </ItemGroup>
  <ItemGroup>
    <ResourceCompile Include="MANET.rc">
      <Filter>Source Files</Filter>
    </ResourceCompile>
  </ItemGroup>
  <ItemGroup>
    <ClInclude Include="Attacker.h">
      <Filter>Header Files</Filter>
    </ClInclude>
    <ClInclude Include="CaptionDialog.h">
      <Filter>Header Files</Filter>
    </ClInclude>
    <ClInclude Include="End2End.h">
      <Filter>Header Files</Filter>
    </ClInclude>
    <ClInclude Include="ForceSelfishness.h">
      <Filter>Header Files</Filter>
    </ClInclude>
    <ClInclude Include="Game.h">
      <Filter>Header Files</Filter>
    </ClInclude>
    <ClInclude Include="GameDialog.h">
      <Filter>Header Files</Filter>
    </ClInclude>
    <ClInclude Include="Link.h">
      <Filter>Header Files</Filter>
    </ClInclude>
    <ClInclude Include="LinkDialog.h">
      <Filter>Header Files</Filter>
    </ClInclude>
    <ClInclude Include="MainFrm.h">
      <Filter>Header Files</Filter>
    </ClInclude>
    <ClInclude Include="MANET.h">
      <Filter>Header Files</Filter>
    </ClInclude>
    <ClInclude Include="MANETDoc.h">
      <Filter>Header Files</Filter>
    </ClInclude>
    <ClInclude Include="MANETView.h">
      <Filter>Header Files</Filter>
    </ClInclude>
    <ClInclude Include="Packet.h">
      <Filter>Header Files</Filter>
    </ClInclude>
    <ClInclude Include="Path.h">
      <Filter>Header Files</Filter>
    </ClInclude>
    <ClInclude Include="ProtocolDialog.h">
      <Filter>Header Files</Filter>
    </ClInclude>
    <ClInclude Include="RandomTraffic.h">
      <Filter>Header Files</Filter>
    </ClInclude>
    <ClInclude Include="Router.h">
      <Filter>Header Files</Filter>
    </ClInclude>
    <ClInclude Include="RouterDialog.h">
      <Filter>Header Files</Filter>
    </ClInclude>
    <ClInclude Include="SimDlg.h">
      <Filter>Header Files</Filter>
    </ClInclude>
    <ClInclude Include="Stat.h">
      <Filter>Header Files</Filter>
    </ClInclude>
    <ClInclude Include="StdAfx.h">
      <Filter>Header Files</Filter>
    </ClInclude>
    <ClInclude Include="Table.h">
      <Filter>Header Files</Filter>
    </ClInclude>
    <ClInclude Include="Traffic.h">
      <Filter>Header Files</Filter>
    </ClInclude>
    <ClInclude Include="TrafficDialog.h">
      <Filter>Header Files</Filter>
    </ClInclude>
  </ItemGroup>
  <ItemGroup>
    <CustomBuild Include="Resource.h">
      <Filter>Header Files</Filter>
    </CustomBuild>
  </ItemGroup>
</Project>